<Solution>
  <Folder Name="/Solution Items/">
    <File Path=".editorconfig" />
    <File Path=".gitignore" />
    <File Path="cliff.toml" />
    <File Path="CONTRIBUTING.adoc" />
    <File Path="Directory.Build.props" />
    <File Path="Directory.Packages.props" />
    <File Path="LICENSE.md" />
    <File Path="README.adoc" />
  </Folder>
  <Folder Name="/Source/">
    <Project Path="src/AssuanLibrary.Extensions.DependencyInjection/AssuanLibrary.Extensions.DependencyInjection.csproj" />
    <Project Path="src/AssuanLibrary.Sample/AssuanLibrary.Sample.csproj" />
    <Project Path="src/AssuanLibrary/AssuanLibrary.csproj" />
  </Folder>
  <Folder Name="/Tests/">
    <Project Path="tests/AssuanLibrary.Tests/AssuanLibrary.Tests.csproj" />
  </Folder>
</Solution>
